PODS:
  - AAInfographics (4.0.0)

DEPENDENCIES:
  - AAInfographics (from `https://github.com/AAChartModel/AAChartKit-Swift.git`)

EXTERNAL SOURCES:
  AAInfographics:
    :git: https://github.com/AAChartModel/AAChartKit-Swift.git

CHECKOUT OPTIONS:
  AAInfographics:
    :commit: 15bcd24c49594b0220c184525b59952951e5a275
    :git: https://github.com/AAChartModel/AAChartKit-Swift.git

SPEC CHECKSUMS:
  AAInfographics: bbeed03caece4ee3b5e557d734967394e9bcdb11

PODFILE CHECKSUM: 1149bf186be10cebabc47a2deae18597d97ede0e

COCOAPODS: 1.8.4
